
Microsoft Visual Studio Solution File, Format Version 12.00
# Visual Studio 15
VisualStudioVersion = 15.0.28307.539
MinimumVisualStudioVersion = 10.0.40219.1
Project("{9A19103F-16F7-4668-BE54-9A1E7A4F7556}") = "LuccaDevises", "LuccaDevises\LuccaDevises.csproj", "{2D8E3C78-B729-4797-A9B2-27C17BF04979}"
EndProject
Project("{9A19103F-16F7-4668-BE54-9A1E7A4F7556}") = "ConversionGraph", "GenericGraph\ConversionGraph.csproj", "{561E2F2E-0098-46FC-823B-D8BDAAF9EECD}"
EndProject
Project("{FAE04EC0-301F-11D3-BF4B-00C04F79EFBC}") = "LuccaDevisesMultiUsage", "LuccaDevisesMultiUsage\LuccaDevisesMultiUsage.csproj", "{BC542F29-EEDA-4DA3-A141-BE13DCA59430}"
EndProject
Global
	GlobalSection(SolutionConfigurationPlatforms) = preSolution
		Debug|Any CPU = Debug|Any CPU
		Release|Any CPU = Release|Any CPU
	EndGlobalSection
	GlobalSection(ProjectConfigurationPlatforms) = postSolution
		{2D8E3C78-B729-4797-A9B2-27C17BF04979}.Debug|Any CPU.ActiveCfg = Debug|Any CPU
		{2D8E3C78-B729-4797-A9B2-27C17BF04979}.Debug|Any CPU.Build.0 = Debug|Any CPU
		{2D8E3C78-B729-4797-A9B2-27C17BF04979}.Release|Any CPU.ActiveCfg = Release|Any CPU
		{2D8E3C78-B729-4797-A9B2-27C17BF04979}.Release|Any CPU.Build.0 = Release|Any CPU
		{561E2F2E-0098-46FC-823B-D8BDAAF9EECD}.Debug|Any CPU.ActiveCfg = Debug|Any CPU
		{561E2F2E-0098-46FC-823B-D8BDAAF9EECD}.Debug|Any CPU.Build.0 = Debug|Any CPU
		{561E2F2E-0098-46FC-823B-D8BDAAF9EECD}.Release|Any CPU.ActiveCfg = Release|Any CPU
		{561E2F2E-0098-46FC-823B-D8BDAAF9EECD}.Release|Any CPU.Build.0 = Release|Any CPU
		{BC542F29-EEDA-4DA3-A141-BE13DCA59430}.Debug|Any CPU.ActiveCfg = Debug|Any CPU
		{BC542F29-EEDA-4DA3-A141-BE13DCA59430}.Debug|Any CPU.Build.0 = Debug|Any CPU
		{BC542F29-EEDA-4DA3-A141-BE13DCA59430}.Release|Any CPU.ActiveCfg = Release|Any CPU
		{BC542F29-EEDA-4DA3-A141-BE13DCA59430}.Release|Any CPU.Build.0 = Release|Any CPU
	EndGlobalSection
	GlobalSection(SolutionProperties) = preSolution
		HideSolutionNode = FALSE
	EndGlobalSection
	GlobalSection(ExtensibilityGlobals) = postSolution
		SolutionGuid = {20D427E0-2CD1-40B8-8D90-D00E35130953}
	EndGlobalSection
EndGlobal
